
Microsoft Visual Studio Solution File, Format Version 12.00
# Visual Studio Version 17
VisualStudioVersion = 17.9.34728.123
MinimumVisualStudioVersion = 10.0.40219.1
Project("{FAE04EC0-301F-11D3-BF4B-00C04F79EFBC}") = "HK-MongoDB", "HK-MongoDB.csproj", "{C943CE50-AAD9-43F5-AC36-403367212D7B}"
EndProject
Global
	GlobalSection(SolutionConfigurationPlatforms) = preSolution
		Debug|Any CPU = Debug|Any CPU
		Release|Any CPU = Release|Any CPU
	EndGlobalSection
	GlobalSection(ProjectConfigurationPlatforms) = postSolution
		{C943CE50-AAD9-43F5-AC36-403367212D7B}.Debug|Any CPU.ActiveCfg = Debug|Any CPU
		{C943CE50-AAD9-43F5-AC36-403367212D7B}.Debug|Any CPU.Build.0 = Debug|Any CPU
		{C943CE50-AAD9-43F5-AC36-403367212D7B}.Release|Any CPU.ActiveCfg = Release|Any CPU
		{C943CE50-AAD9-43F5-AC36-403367212D7B}.Release|Any CPU.Build.0 = Release|Any CPU
	EndGlobalSection
	GlobalSection(SolutionProperties) = preSolution
		HideSolutionNode = FALSE
	EndGlobalSection
	GlobalSection(ExtensibilityGlobals) = postSolution
		SolutionGuid = {A5BDD662-AF2F-4597-90FE-FA9BDA8E91F2}
	EndGlobalSection
EndGlobal
